
Microsoft Visual Studio Solution File, Format Version 12.00
# Visual Studio Version 17
VisualStudioVersion = 17.1.32210.238
MinimumVisualStudioVersion = 10.0.40219.1
Project("{FAE04EC0-301F-11D3-BF4B-00C04F79EFBC}") = "SLD-200", "SLD200_MSL\SLD-200.csproj", "{5072D65D-6FF6-40EC-929E-12FDFFA2E8CF}"
EndProject
Project("{FAE04EC0-301F-11D3-BF4B-00C04F79EFBC}") = "QMC.Common", "QMC.Common\QMC.Common.csproj", "{C4902B52-22F3-4340-8F8F-5699211D0788}"
EndProject
Project("{FAE04EC0-301F-11D3-BF4B-00C04F79EFBC}") = "QMC.Common.UI", "QMC.Common.UI\QMC.Common.UI.csproj", "{C5A06C50-980D-4E94-8FCE-E1EED34C46D1}"
EndProject
Global
	GlobalSection(SolutionConfigurationPlatforms) = preSolution
		Debug|Any CPU = Debug|Any CPU
		Debug|x64 = Debug|x64
		Release|Any CPU = Release|Any CPU
		Release|x64 = Release|x64
	EndGlobalSection
	GlobalSection(ProjectConfigurationPlatforms) = postSolution
		{5072D65D-6FF6-40EC-929E-12FDFFA2E8CF}.Debug|Any CPU.ActiveCfg = Debug|Any CPU
		{5072D65D-6FF6-40EC-929E-12FDFFA2E8CF}.Debug|Any CPU.Build.0 = Debug|Any CPU
		{5072D65D-6FF6-40EC-929E-12FDFFA2E8CF}.Debug|x64.ActiveCfg = Debug|x64
		{5072D65D-6FF6-40EC-929E-12FDFFA2E8CF}.Debug|x64.Build.0 = Debug|x64
		{5072D65D-6FF6-40EC-929E-12FDFFA2E8CF}.Release|Any CPU.ActiveCfg = Release|Any CPU
		{5072D65D-6FF6-40EC-929E-12FDFFA2E8CF}.Release|Any CPU.Build.0 = Release|Any CPU
		{5072D65D-6FF6-40EC-929E-12FDFFA2E8CF}.Release|x64.ActiveCfg = Release|x64
		{5072D65D-6FF6-40EC-929E-12FDFFA2E8CF}.Release|x64.Build.0 = Release|x64
		{C4902B52-22F3-4340-8F8F-5699211D0788}.Debug|Any CPU.ActiveCfg = Debug|Any CPU
		{C4902B52-22F3-4340-8F8F-5699211D0788}.Debug|Any CPU.Build.0 = Debug|Any CPU
		{C4902B52-22F3-4340-8F8F-5699211D0788}.Debug|x64.ActiveCfg = Debug|x64
		{C4902B52-22F3-4340-8F8F-5699211D0788}.Debug|x64.Build.0 = Debug|x64
		{C4902B52-22F3-4340-8F8F-5699211D0788}.Release|Any CPU.ActiveCfg = Release|Any CPU
		{C4902B52-22F3-4340-8F8F-5699211D0788}.Release|Any CPU.Build.0 = Release|Any CPU
		{C4902B52-22F3-4340-8F8F-5699211D0788}.Release|x64.ActiveCfg = Release|x64
		{C4902B52-22F3-4340-8F8F-5699211D0788}.Release|x64.Build.0 = Release|x64
		{C5A06C50-980D-4E94-8FCE-E1EED34C46D1}.Debug|Any CPU.ActiveCfg = Debug|Any CPU
		{C5A06C50-980D-4E94-8FCE-E1EED34C46D1}.Debug|Any CPU.Build.0 = Debug|Any CPU
		{C5A06C50-980D-4E94-8FCE-E1EED34C46D1}.Debug|x64.ActiveCfg = Debug|Any CPU
		{C5A06C50-980D-4E94-8FCE-E1EED34C46D1}.Debug|x64.Build.0 = Debug|Any CPU
		{C5A06C50-980D-4E94-8FCE-E1EED34C46D1}.Release|Any CPU.ActiveCfg = Release|Any CPU
		{C5A06C50-980D-4E94-8FCE-E1EED34C46D1}.Release|Any CPU.Build.0 = Release|Any CPU
		{C5A06C50-980D-4E94-8FCE-E1EED34C46D1}.Release|x64.ActiveCfg = Release|Any CPU
		{C5A06C50-980D-4E94-8FCE-E1EED34C46D1}.Release|x64.Build.0 = Release|Any CPU
	EndGlobalSection
	GlobalSection(SolutionProperties) = preSolution
		HideSolutionNode = FALSE
	EndGlobalSection
	GlobalSection(ExtensibilityGlobals) = postSolution
		SolutionGuid = {E0497D5F-55D1-4B59-8CD2-5B121A97B73B}
		VisualSVNWorkingCopyRoot = .
	EndGlobalSection
EndGlobal
